// !$*UTF8*$!
{
	archiveVersion = 1;
	classes = {
	};
	objectVersion = 56;
	objects = {

/* Begin PBXBuildFile section */
		324F8878292F8BBE007E24DD /* MoonshotApp.swift in Sources */ = {isa = PBXBuildFile; fileRef = 324F8877292F8BBE007E24DD /* MoonshotApp.swift */; };
		324F887A292F8BBE007E24DD /* ContentView.swift in Sources */ = {isa = PBXBuildFile; fileRef = 324F8879292F8BBE007E24DD /* ContentView.swift */; };
		324F887C292F8BBF007E24DD /* Assets.xcassets in Resources */ = {isa = PBXBuildFile; fileRef = 324F887B292F8BBF007E24DD /* Assets.xcassets */; };
		324F887F292F8BBF007E24DD /* Preview Assets.xcassets in Resources */ = {isa = PBXBuildFile; fileRef = 324F887E292F8BBF007E24DD /* Preview Assets.xcassets */; };
		324F8889292F8BBF007E24DD /* MoonshotTests.swift in Sources */ = {isa = PBXBuildFile; fileRef = 324F8888292F8BBF007E24DD /* MoonshotTests.swift */; };
		324F8893292F8BBF007E24DD /* MoonshotUITests.swift in Sources */ = {isa = PBXBuildFile; fileRef = 324F8892292F8BBF007E24DD /* MoonshotUITests.swift */; };
		324F8895292F8BBF007E24DD /* MoonshotUITestsLaunchTests.swift in Sources */ = {isa = PBXBuildFile; fileRef = 324F8894292F8BBF007E24DD /* MoonshotUITestsLaunchTests.swift */; };
		324F88A3292FAAE3007E24DD /* missions.json in Resources */ = {isa = PBXBuildFile; fileRef = 324F88A1292FAAE3007E24DD /* missions.json */; };
		324F88A4292FAAE3007E24DD /* astronauts.json in Resources */ = {isa = PBXBuildFile; fileRef = 324F88A2292FAAE3007E24DD /* astronauts.json */; };
		324F8956292FAFED007E24DD /* Astronaut.swift in Sources */ = {isa = PBXBuildFile; fileRef = 324F8955292FAFED007E24DD /* Astronaut.swift */; };
		324F8958292FB030007E24DD /* data - decoded.swift in Sources */ = {isa = PBXBuildFile; fileRef = 324F8957292FB030007E24DD /* data - decoded.swift */; };
		324F895C292FB8AE007E24DD /* missions.swift in Sources */ = {isa = PBXBuildFile; fileRef = 324F895B292FB8AE007E24DD /* missions.swift */; };
		324F895E2930D640007E24DD /* color themes.swift in Sources */ = {isa = PBXBuildFile; fileRef = 324F895D2930D640007E24DD /* color themes.swift */; };
		324F89602930ED25007E24DD /* Missionview.swift in Sources */ = {isa = PBXBuildFile; fileRef = 324F895F2930ED25007E24DD /* Missionview.swift */; };
		324F896429310ED7007E24DD /* AstronautDetailView.swift in Sources */ = {isa = PBXBuildFile; fileRef = 324F896329310ED7007E24DD /* AstronautDetailView.swift */; };
		3266B5782933754A007CE98F /* astronautsPhotosScrollview.swift in Sources */ = {isa = PBXBuildFile; fileRef = 3266B5772933754A007CE98F /* astronautsPhotosScrollview.swift */; };
		3266B57A29337571007CE98F /* crewMember.swift in Sources */ = {isa = PBXBuildFile; fileRef = 3266B57929337571007CE98F /* crewMember.swift */; };
		3266B57C293377E3007CE98F /* rectangleDivider.swift in Sources */ = {isa = PBXBuildFile; fileRef = 3266B57B293377E3007CE98F /* rectangleDivider.swift */; };
		3266B57E29337937007CE98F /* listView.swift in Sources */ = {isa = PBXBuildFile; fileRef = 3266B57D29337937007CE98F /* listView.swift */; };
		3266B58229338A57007CE98F /* gridView.swift in Sources */ = {isa = PBXBuildFile; fileRef = 3266B58129338A57007CE98F /* gridView.swift */; };
/* End PBXBuildFile section */

/* Begin PBXContainerItemProxy section */
		324F8885292F8BBF007E24DD /* PBXContainerItemProxy */ = {
			isa = PBXContainerItemProxy;
			containerPortal = 324F886C292F8BBE007E24DD /* Project object */;
			proxyType = 1;
			remoteGlobalIDString = 324F8873292F8BBE007E24DD;
			remoteInfo = Moonshot;
		};
		324F888F292F8BBF007E24DD /* PBXContainerItemProxy */ = {
			isa = PBXContainerItemProxy;
			containerPortal = 324F886C292F8BBE007E24DD /* Project object */;
			proxyType = 1;
			remoteGlobalIDString = 324F8873292F8BBE007E24DD;
			remoteInfo = Moonshot;
		};
/* End PBXContainerItemProxy section */

/* Begin PBXFileReference section */
		324F8874292F8BBE007E24DD /* Moonshot.app */ = {isa = PBXFileReference; explicitFileType = wrapper.application; includeInIndex = 0; path = Moonshot.app; sourceTree = BUILT_PRODUCTS_DIR; };
		324F8877292F8BBE007E24DD /* MoonshotApp.swift */ = {isa = PBXFileReference; lastKnownFileType = sourcecode.swift; path = MoonshotApp.swift; sourceTree = "<group>"; };
		324F8879292F8BBE007E24DD /* ContentView.swift */ = {isa = PBXFileReference; lastKnownFileType = sourcecode.swift; path = ContentView.swift; sourceTree = "<group>"; };
		324F887B292F8BBF007E24DD /* Assets.xcassets */ = {isa = PBXFileReference; lastKnownFileType = folder.assetcatalog; path = Assets.xcassets; sourceTree = "<group>"; };
		324F887E292F8BBF007E24DD /* Preview Assets.xcassets */ = {isa = PBXFileReference; lastKnownFileType = folder.assetcatalog; path = "Preview Assets.xcassets"; sourceTree = "<group>"; };
		324F8884292F8BBF007E24DD /* MoonshotTests.xctest */ = {isa = PBXFileReference; explicitFileType = wrapper.cfbundle; includeInIndex = 0; path = MoonshotTests.xctest; sourceTree = BUILT_PRODUCTS_DIR; };
		324F8888292F8BBF007E24DD /* MoonshotTests.swift */ = {isa = PBXFileReference; lastKnownFileType = sourcecode.swift; path = MoonshotTests.swift; sourceTree = "<group>"; };
		324F888E292F8BBF007E24DD /* MoonshotUITests.xctest */ = {isa = PBXFileReference; explicitFileType = wrapper.cfbundle; includeInIndex = 0; path = MoonshotUITests.xctest; sourceTree = BUILT_PRODUCTS_DIR; };
		324F8892292F8BBF007E24DD /* MoonshotUITests.swift */ = {isa = PBXFileReference; lastKnownFileType = sourcecode.swift; path = MoonshotUITests.swift; sourceTree = "<group>"; };
		324F8894292F8BBF007E24DD /* MoonshotUITestsLaunchTests.swift */ = {isa = PBXFileReference; lastKnownFileType = sourcecode.swift; path = MoonshotUITestsLaunchTests.swift; sourceTree = "<group>"; };
		324F88A1292FAAE3007E24DD /* missions.json */ = {isa = PBXFileReference; fileEncoding = 4; lastKnownFileType = text.json; name = missions.json; path = Moonshot/model/data/missions.json; sourceTree = SOURCE_ROOT; };
		324F88A2292FAAE3007E24DD /* astronauts.json */ = {isa = PBXFileReference; fileEncoding = 4; lastKnownFileType = text.json; name = astronauts.json; path = Moonshot/model/data/astronauts.json; sourceTree = SOURCE_ROOT; };
		324F8955292FAFED007E24DD /* Astronaut.swift */ = {isa = PBXFileReference; lastKnownFileType = sourcecode.swift; path = Astronaut.swift; sourceTree = "<group>"; };
		324F8957292FB030007E24DD /* data - decoded.swift */ = {isa = PBXFileReference; lastKnownFileType = sourcecode.swift; path = "data - decoded.swift"; sourceTree = "<group>"; };
		324F895B292FB8AE007E24DD /* missions.swift */ = {isa = PBXFileReference; lastKnownFileType = sourcecode.swift; path = missions.swift; sourceTree = "<group>"; };
		324F895D2930D640007E24DD /* color themes.swift */ = {isa = PBXFileReference; lastKnownFileType = sourcecode.swift; path = "color themes.swift"; sourceTree = "<group>"; };
		324F895F2930ED25007E24DD /* Missionview.swift */ = {isa = PBXFileReference; lastKnownFileType = sourcecode.swift; path = Missionview.swift; sourceTree = "<group>"; };
		324F896329310ED7007E24DD /* AstronautDetailView.swift */ = {isa = PBXFileReference; lastKnownFileType = sourcecode.swift; path = AstronautDetailView.swift; sourceTree = "<group>"; };
		3266B5772933754A007CE98F /* astronautsPhotosScrollview.swift */ = {isa = PBXFileReference; lastKnownFileType = sourcecode.swift; path = astronautsPhotosScrollview.swift; sourceTree = "<group>"; };
		3266B57929337571007CE98F /* crewMember.swift */ = {isa = PBXFileReference; lastKnownFileType = sourcecode.swift; path = crewMember.swift; sourceTree = "<group>"; };
		3266B57B293377E3007CE98F /* rectangleDivider.swift */ = {isa = PBXFileReference; lastKnownFileType = sourcecode.swift; path = rectangleDivider.swift; sourceTree = "<group>"; };
		3266B57D29337937007CE98F /* listView.swift */ = {isa = PBXFileReference; lastKnownFileType = sourcecode.swift; path = listView.swift; sourceTree = "<group>"; };
		3266B58129338A57007CE98F /* gridView.swift */ = {isa = PBXFileReference; lastKnownFileType = sourcecode.swift; path = gridView.swift; sourceTree = "<group>"; };
/* End PBXFileReference section */

/* Begin PBXFrameworksBuildPhase section */
		324F8871292F8BBE007E24DD /* Frameworks */ = {
			isa = PBXFrameworksBuildPhase;
			buildActionMask = 2147483647;
			files = (
			);
			runOnlyForDeploymentPostprocessing = 0;
		};
		324F8881292F8BBF007E24DD /* Frameworks */ = {
			isa = PBXFrameworksBuildPhase;
			buildActionMask = 2147483647;
			files = (
			);
			runOnlyForDeploymentPostprocessing = 0;
		};
		324F888B292F8BBF007E24DD /* Frameworks */ = {
			isa = PBXFrameworksBuildPhase;
			buildActionMask = 2147483647;
			files = (
			);
			runOnlyForDeploymentPostprocessing = 0;
		};
/* End PBXFrameworksBuildPhase section */

/* Begin PBXGroup section */
		324F886B292F8BBE007E24DD = {
			isa = PBXGroup;
			children = (
				324F8876292F8BBE007E24DD /* Moonshot */,
				324F8887292F8BBF007E24DD /* MoonshotTests */,
				324F8891292F8BBF007E24DD /* MoonshotUITests */,
				324F8875292F8BBE007E24DD /* Products */,
			);
			sourceTree = "<group>";
		};
		324F8875292F8BBE007E24DD /* Products */ = {
			isa = PBXGroup;
			children = (
				324F8874292F8BBE007E24DD /* Moonshot.app */,
				324F8884292F8BBF007E24DD /* MoonshotTests.xctest */,
				324F888E292F8BBF007E24DD /* MoonshotUITests.xctest */,
			);
			name = Products;
			sourceTree = "<group>";
		};
		324F8876292F8BBE007E24DD /* Moonshot */ = {
			isa = PBXGroup;
			children = (
				324F8877292F8BBE007E24DD /* MoonshotApp.swift */,
				3266B58429338C20007CE98F /* view */,
				3266B58329338C18007CE98F /* model */,
				324F887B292F8BBF007E24DD /* Assets.xcassets */,
				324F887D292F8BBF007E24DD /* Preview Content */,
			);
			path = Moonshot;
			sourceTree = "<group>";
		};
		324F887D292F8BBF007E24DD /* Preview Content */ = {
			isa = PBXGroup;
			children = (
				324F887E292F8BBF007E24DD /* Preview Assets.xcassets */,
			);
			path = "Preview Content";
			sourceTree = "<group>";
		};
		324F8887292F8BBF007E24DD /* MoonshotTests */ = {
			isa = PBXGroup;
			children = (
				324F8888292F8BBF007E24DD /* MoonshotTests.swift */,
			);
			path = MoonshotTests;
			sourceTree = "<group>";
		};
		324F8891292F8BBF007E24DD /* MoonshotUITests */ = {
			isa = PBXGroup;
			children = (
				324F8892292F8BBF007E24DD /* MoonshotUITests.swift */,
				324F8894292F8BBF007E24DD /* MoonshotUITestsLaunchTests.swift */,
			);
			path = MoonshotUITests;
			sourceTree = "<group>";
		};
		3266B58329338C18007CE98F /* model */ = {
			isa = PBXGroup;
			children = (
				324F8955292FAFED007E24DD /* Astronaut.swift */,
				324F895B292FB8AE007E24DD /* missions.swift */,
				3266B57929337571007CE98F /* crewMember.swift */,
				3266B58629338CAF007CE98F /* data */,
			);
			path = model;
			sourceTree = "<group>";
		};
		3266B58429338C20007CE98F /* view */ = {
			isa = PBXGroup;
			children = (
				324F8879292F8BBE007E24DD /* ContentView.swift */,
				3266B57D29337937007CE98F /* listView.swift */,
				3266B58129338A57007CE98F /* gridView.swift */,
				324F895F2930ED25007E24DD /* Missionview.swift */,
				3266B5772933754A007CE98F /* astronautsPhotosScrollview.swift */,
				324F896329310ED7007E24DD /* AstronautDetailView.swift */,
				3266B57B293377E3007CE98F /* rectangleDivider.swift */,
			);
			path = view;
			sourceTree = "<group>";
		};
		3266B58629338CAF007CE98F /* data */ = {
			isa = PBXGroup;
			children = (
				324F895D2930D640007E24DD /* color themes.swift */,
				324F88A1292FAAE3007E24DD /* missions.json */,
				324F88A2292FAAE3007E24DD /* astronauts.json */,
				3266B58729338CC2007CE98F /* Decode method */,
			);
			path = data;
			sourceTree = "<group>";
		};
		3266B58729338CC2007CE98F /* Decode method */ = {
			isa = PBXGroup;
			children = (
				324F8957292FB030007E24DD /* data - decoded.swift */,
			);
			path = "Decode method";
			sourceTree = "<group>";
		};
/* End PBXGroup section */

/* Begin PBXNativeTarget section */
		324F8873292F8BBE007E24DD /* Moonshot */ = {
			isa = PBXNativeTarget;
			buildConfigurationList = 324F8898292F8BBF007E24DD /* Build configuration list for PBXNativeTarget "Moonshot" */;
			buildPhases = (
				324F8870292F8BBE007E24DD /* Sources */,
				324F8871292F8BBE007E24DD /* Frameworks */,
				324F8872292F8BBE007E24DD /* Resources */,
			);
			buildRules = (
			);
			dependencies = (
			);
			name = Moonshot;
			productName = Moonshot;
			productReference = 324F8874292F8BBE007E24DD /* Moonshot.app */;
			productType = "com.apple.product-type.application";
		};
		324F8883292F8BBF007E24DD /* MoonshotTests */ = {
			isa = PBXNativeTarget;
			buildConfigurationList = 324F889B292F8BBF007E24DD /* Build configuration list for PBXNativeTarget "MoonshotTests" */;
			buildPhases = (
				324F8880292F8BBF007E24DD /* Sources */,
				324F8881292F8BBF007E24DD /* Frameworks */,
				324F8882292F8BBF007E24DD /* Resources */,
			);
			buildRules = (
			);
			dependencies = (
				324F8886292F8BBF007E24DD /* PBXTargetDependency */,
			);
			name = MoonshotTests;
			productName = MoonshotTests;
			productReference = 324F8884292F8BBF007E24DD /* MoonshotTests.xctest */;
			productType = "com.apple.product-type.bundle.unit-test";
		};
		324F888D292F8BBF007E24DD /* MoonshotUITests */ = {
			isa = PBXNativeTarget;
			buildConfigurationList = 324F889E292F8BBF007E24DD /* Build configuration list for PBXNativeTarget "MoonshotUITests" */;
			buildPhases = (
				324F888A292F8BBF007E24DD /* Sources */,
				324F888B292F8BBF007E24DD /* Frameworks */,
				324F888C292F8BBF007E24DD /* Resources */,
			);
			buildRules = (
			);
			dependencies = (
				324F8890292F8BBF007E24DD /* PBXTargetDependency */,
			);
			name = MoonshotUITests;
			productName = MoonshotUITests;
			productReference = 324F888E292F8BBF007E24DD /* MoonshotUITests.xctest */;
			productType = "com.apple.product-type.bundle.ui-testing";
		};
/* End PBXNativeTarget section */

/* Begin PBXProject section */
		324F886C292F8BBE007E24DD /* Project object */ = {
			isa = PBXProject;
			attributes = {
				BuildIndependentTargetsInParallel = 1;
				LastSwiftUpdateCheck = 1410;
				LastUpgradeCheck = 1410;
				TargetAttributes = {
					324F8873292F8BBE007E24DD = {
						CreatedOnToolsVersion = 14.1;
					};
					324F8883292F8BBF007E24DD = {
						CreatedOnToolsVersion = 14.1;
						TestTargetID = 324F8873292F8BBE007E24DD;
					};
					324F888D292F8BBF007E24DD = {
						CreatedOnToolsVersion = 14.1;
						TestTargetID = 324F8873292F8BBE007E24DD;
					};
				};
			};
			buildConfigurationList = 324F886F292F8BBE007E24DD /* Build configuration list for PBXProject "Moonshot" */;
			compatibilityVersion = "Xcode 14.0";
			developmentRegion = en;
			hasScannedForEncodings = 0;
			knownRegions = (
				en,
				Base,
			);
			mainGroup = 324F886B292F8BBE007E24DD;
			productRefGroup = 324F8875292F8BBE007E24DD /* Products */;
			projectDirPath = "";
			projectRoot = "";
			targets = (
				324F8873292F8BBE007E24DD /* Moonshot */,
				324F8883292F8BBF007E24DD /* MoonshotTests */,
				324F888D292F8BBF007E24DD /* MoonshotUITests */,
			);
		};
/* End PBXProject section */

/* Begin PBXResourcesBuildPhase section */
		324F8872292F8BBE007E24DD /* Resources */ = {
			isa = PBXResourcesBuildPhase;
			buildActionMask = 2147483647;
			files = (
				324F887F292F8BBF007E24DD /* Preview Assets.xcassets in Resources */,
				324F88A3292FAAE3007E24DD /* missions.json in Resources */,
				324F887C292F8BBF007E24DD /* Assets.xcassets in Resources */,
				324F88A4292FAAE3007E24DD /* astronauts.json in Resources */,
			);
			runOnlyForDeploymentPostprocessing = 0;
		};
		324F8882292F8BBF007E24DD /* Resources */ = {
			isa = PBXResourcesBuildPhase;
			buildActionMask = 2147483647;
			files = (
			);
			runOnlyForDeploymentPostprocessing = 0;
		};
		324F888C292F8BBF007E24DD /* Resources */ = {
			isa = PBXResourcesBuildPhase;
			buildActionMask = 2147483647;
			files = (
			);
			runOnlyForDeploymentPostprocessing = 0;
		};
/* End PBXResourcesBuildPhase section */

/* Begin PBXSourcesBuildPhase section */
		324F8870292F8BBE007E24DD /* Sources */ = {
			isa = PBXSourcesBuildPhase;
			buildActionMask = 2147483647;
			files = (
				3266B5782933754A007CE98F /* astronautsPhotosScrollview.swift in Sources */,
				324F895E2930D640007E24DD /* color themes.swift in Sources */,
				324F896429310ED7007E24DD /* AstronautDetailView.swift in Sources */,
				3266B57C293377E3007CE98F /* rectangleDivider.swift in Sources */,
				3266B58229338A57007CE98F /* gridView.swift in Sources */,
				3266B57E29337937007CE98F /* listView.swift in Sources */,
				3266B57A29337571007CE98F /* crewMember.swift in Sources */,
				324F8956292FAFED007E24DD /* Astronaut.swift in Sources */,
				324F887A292F8BBE007E24DD /* ContentView.swift in Sources */,
				324F895C292FB8AE007E24DD /* missions.swift in Sources */,
				324F8958292FB030007E24DD /* data - decoded.swift in Sources */,
				324F89602930ED25007E24DD /* Missionview.swift in Sources */,
				324F8878292F8BBE007E24DD /* MoonshotApp.swift in Sources */,
			);
			runOnlyForDeploymentPostprocessing = 0;
		};
		324F8880292F8BBF007E24DD /* Sources */ = {
			isa = PBXSourcesBuildPhase;
			buildActionMask = 2147483647;
			files = (
				324F8889292F8BBF007E24DD /* MoonshotTests.swift in Sources */,
			);
			runOnlyForDeploymentPostprocessing = 0;
		};
		324F888A292F8BBF007E24DD /* Sources */ = {
			isa = PBXSourcesBuildPhase;
			buildActionMask = 2147483647;
			files = (
				324F8895292F8BBF007E24DD /* MoonshotUITestsLaunchTests.swift in Sources */,
				324F8893292F8BBF007E24DD /* MoonshotUITests.swift in Sources */,
			);
			runOnlyForDeploymentPostprocessing = 0;
		};
/* End PBXSourcesBuildPhase section */

/* Begin PBXTargetDependency section */
		324F8886292F8BBF007E24DD /* PBXTargetDependency */ = {
			isa = PBXTargetDependency;
			target = 324F8873292F8BBE007E24DD /* Moonshot */;
			targetProxy = 324F8885292F8BBF007E24DD /* PBXContainerItemProxy */;
		};
		324F8890292F8BBF007E24DD /* PBXTargetDependency */ = {
			isa = PBXTargetDependency;
			target = 324F8873292F8BBE007E24DD /* Moonshot */;
			targetProxy = 324F888F292F8BBF007E24DD /* PBXContainerItemProxy */;
		};
/* End PBXTargetDependency section */

/* Begin XCBuildConfiguration section */
		324F8896292F8BBF007E24DD /* Debug */ = {
			isa = XCBuildConfiguration;
			buildSettings = {
				ALWAYS_SEARCH_USER_PATHS = NO;
				CLANG_ANALYZER_NONNULL = YES;
				CLANG_ANALYZER_NUMBER_OBJECT_CONVERSION = YES_AGGRESSIVE;
				CLANG_CXX_LANGUAGE_STANDARD = "gnu++20";
				CLANG_ENABLE_MODULES = YES;
				CLANG_ENABLE_OBJC_ARC = YES;
				CLANG_ENABLE_OBJC_WEAK = YES;
				CLANG_WARN_BLOCK_CAPTURE_AUTORELEASING = YES;
				CLANG_WARN_BOOL_CONVERSION = YES;
				CLANG_WARN_COMMA = YES;
				CLANG_WARN_CONSTANT_CONVERSION = YES;
				CLANG_WARN_DEPRECATED_OBJC_IMPLEMENTATIONS = YES;
				CLANG_WARN_DIRECT_OBJC_ISA_USAGE = YES_ERROR;
				CLANG_WARN_DOCUMENTATION_COMMENTS = YES;
				CLANG_WARN_EMPTY_BODY = YES;
				CLANG_WARN_ENUM_CONVERSION = YES;
				CLANG_WARN_INFINITE_RECURSION = YES;
				CLANG_WARN_INT_CONVERSION = YES;
				CLANG_WARN_NON_LITERAL_NULL_CONVERSION = YES;
				CLANG_WARN_OBJC_IMPLICIT_RETAIN_SELF = YES;
				CLANG_WARN_OBJC_LITERAL_CONVERSION = YES;
				CLANG_WARN_OBJC_ROOT_CLASS = YES_ERROR;
				CLANG_WARN_QUOTED_INCLUDE_IN_FRAMEWORK_HEADER = YES;
				CLANG_WARN_RANGE_LOOP_ANALYSIS = YES;
				CLANG_WARN_STRICT_PROTOTYPES = YES;
				CLANG_WARN_SUSPICIOUS_MOVE = YES;
				CLANG_WARN_UNGUARDED_AVAILABILITY = YES_AGGRESSIVE;
				CLANG_WARN_UNREACHABLE_CODE = YES;
				CLANG_WARN__DUPLICATE_METHOD_MATCH = YES;
				COPY_PHASE_STRIP = NO;
				DEBUG_INFORMATION_FORMAT = dwarf;
				ENABLE_STRICT_OBJC_MSGSEND = YES;
				ENABLE_TESTABILITY = YES;
				GCC_C_LANGUAGE_STANDARD = gnu11;
				GCC_DYNAMIC_NO_PIC = NO;
				GCC_NO_COMMON_BLOCKS = YES;
				GCC_OPTIMIZATION_LEVEL = 0;
				GCC_PREPROCESSOR_DEFINITIONS = (
					"DEBUG=1",
					"$(inherited)",
				);
				GCC_WARN_64_TO_32_BIT_CONVERSION = YES;
				GCC_WARN_ABOUT_RETURN_TYPE = YES_ERROR;
				GCC_WARN_UNDECLARED_SELECTOR = YES;
				GCC_WARN_UNINITIALIZED_AUTOS = YES_AGGRESSIVE;
				GCC_WARN_UNUSED_FUNCTION = YES;
				GCC_WARN_UNUSED_VARIABLE = YES;
				IPHONEOS_DEPLOYMENT_TARGET = 16.1;
				MTL_ENABLE_DEBUG_INFO = INCLUDE_SOURCE;
				MTL_FAST_MATH = YES;
				ONLY_ACTIVE_ARCH = YES;
				SDKROOT = iphoneos;
				SWIFT_ACTIVE_COMPILATION_CONDITIONS = DEBUG;
				SWIFT_OPTIMIZATION_LEVEL = "-Onone";
			};
			name = Debug;
		};
		324F8897292F8BBF007E24DD /* Release */ = {
			isa = XCBuildConfiguration;
			buildSettings = {
				ALWAYS_SEARCH_USER_PATHS = NO;
				CLANG_ANALYZER_NONNULL = YES;
				CLANG_ANALYZER_NUMBER_OBJECT_CONVERSION = YES_AGGRESSIVE;
				CLANG_CXX_LANGUAGE_STANDARD = "gnu++20";
				CLANG_ENABLE_MODULES = YES;
				CLANG_ENABLE_OBJC_ARC = YES;
				CLANG_ENABLE_OBJC_WEAK = YES;
				CLANG_WARN_BLOCK_CAPTURE_AUTORELEASING = YES;
				CLANG_WARN_BOOL_CONVERSION = YES;
				CLANG_WARN_COMMA = YES;
				CLANG_WARN_CONSTANT_CONVERSION = YES;
				CLANG_WARN_DEPRECATED_OBJC_IMPLEMENTATIONS = YES;
				CLANG_WARN_DIRECT_OBJC_ISA_USAGE = YES_ERROR;
				CLANG_WARN_DOCUMENTATION_COMMENTS = YES;
				CLANG_WARN_EMPTY_BODY = YES;
				CLANG_WARN_ENUM_CONVERSION = YES;
				CLANG_WARN_INFINITE_RECURSION = YES;
				CLANG_WARN_INT_CONVERSION = YES;
				CLANG_WARN_NON_LITERAL_NULL_CONVERSION = YES;
				CLANG_WARN_OBJC_IMPLICIT_RETAIN_SELF = YES;
				CLANG_WARN_OBJC_LITERAL_CONVERSION = YES;
				CLANG_WARN_OBJC_ROOT_CLASS = YES_ERROR;
				CLANG_WARN_QUOTED_INCLUDE_IN_FRAMEWORK_HEADER = YES;
				CLANG_WARN_RANGE_LOOP_ANALYSIS = YES;
				CLANG_WARN_STRICT_PROTOTYPES = YES;
				CLANG_WARN_SUSPICIOUS_MOVE = YES;
				CLANG_WARN_UNGUARDED_AVAILABILITY = YES_AGGRESSIVE;
				CLANG_WARN_UNREACHABLE_CODE = YES;
				CLANG_WARN__DUPLICATE_METHOD_MATCH = YES;
				COPY_PHASE_STRIP = NO;
				DEBUG_INFORMATION_FORMAT = "dwarf-with-dsym";
				ENABLE_NS_ASSERTIONS = NO;
				ENABLE_STRICT_OBJC_MSGSEND = YES;
				GCC_C_LANGUAGE_STANDARD = gnu11;
				GCC_NO_COMMON_BLOCKS = YES;
				GCC_WARN_64_TO_32_BIT_CONVERSION = YES;
				GCC_WARN_ABOUT_RETURN_TYPE = YES_ERROR;
				GCC_WARN_UNDECLARED_SELECTOR = YES;
				GCC_WARN_UNINITIALIZED_AUTOS = YES_AGGRESSIVE;
				GCC_WARN_UNUSED_FUNCTION = YES;
				GCC_WARN_UNUSED_VARIABLE = YES;
				IPHONEOS_DEPLOYMENT_TARGET = 16.1;
				MTL_ENABLE_DEBUG_INFO = NO;
				MTL_FAST_MATH = YES;
				SDKROOT = iphoneos;
				SWIFT_COMPILATION_MODE = wholemodule;
				SWIFT_OPTIMIZATION_LEVEL = "-O";
				VALIDATE_PRODUCT = YES;
			};
			name = Release;
		};
		324F8899292F8BBF007E24DD /* Debug */ = {
			isa = XCBuildConfiguration;
			buildSettings = {
				ASSETCATALOG_COMPILER_APPICON_NAME = AppIcon;
				ASSETCATALOG_COMPILER_GLOBAL_ACCENT_COLOR_NAME = AccentColor;
				CODE_SIGN_STYLE = Automatic;
				CURRENT_PROJECT_VERSION = 1;
				DEVELOPMENT_ASSET_PATHS = "\"Moonshot/Preview Content\"";
				DEVELOPMENT_TEAM = 7S5KXF68WA;
				ENABLE_PREVIEWS = YES;
				GENERATE_INFOPLIST_FILE = YES;
				INFOPLIST_KEY_UIApplicationSceneManifest_Generation = YES;
				INFOPLIST_KEY_UIApplicationSupportsIndirectInputEvents = YES;
				INFOPLIST_KEY_UILaunchScreen_Generation = YES;
				INFOPLIST_KEY_UISupportedInterfaceOrientations_iPad = "UIInterfaceOrientationPortrait UIInterfaceOrientationPortraitUpsideDown UIInterfaceOrientationLandscapeLeft UIInterfaceOrientationLandscapeRight";
				INFOPLIST_KEY_UISupportedInterfaceOrientations_iPhone = "UIInterfaceOrientationPortrait UIInterfaceOrientationLandscapeLeft UIInterfaceOrientationLandscapeRight";
				LD_RUNPATH_SEARCH_PATHS = (
					"$(inherited)",
					"@executable_path/Frameworks",
				);
				MARKETING_VERSION = 1.0;
				PRODUCT_BUNDLE_IDENTIFIER = Arthur.Sh.Moonshot;
				PRODUCT_NAME = "$(TARGET_NAME)";
				SWIFT_EMIT_LOC_STRINGS = YES;
				SWIFT_VERSION = 5.0;
				TARGETED_DEVICE_FAMILY = "1,2";
			};
			name = Debug;
		};
		324F889A292F8BBF007E24DD /* Release */ = {
			isa = XCBuildConfiguration;
			buildSettings = {
				ASSETCATALOG_COMPILER_APPICON_NAME = AppIcon;
				ASSETCATALOG_COMPILER_GLOBAL_ACCENT_COLOR_NAME = AccentColor;
				CODE_SIGN_STYLE = Automatic;
				CURRENT_PROJECT_VERSION = 1;
				DEVELOPMENT_ASSET_PATHS = "\"Moonshot/Preview Content\"";
				DEVELOPMENT_TEAM = 7S5KXF68WA;
				ENABLE_PREVIEWS = YES;
				GENERATE_INFOPLIST_FILE = YES;
				INFOPLIST_KEY_UIApplicationSceneManifest_Generation = YES;
				INFOPLIST_KEY_UIApplicationSupportsIndirectInputEvents = YES;
				INFOPLIST_KEY_UILaunchScreen_Generation = YES;
				INFOPLIST_KEY_UISupportedInterfaceOrientations_iPad = "UIInterfaceOrientationPortrait UIInterfaceOrientationPortraitUpsideDown UIInterfaceOrientationLandscapeLeft UIInterfaceOrientationLandscapeRight";
				INFOPLIST_KEY_UISupportedInterfaceOrientations_iPhone = "UIInterfaceOrientationPortrait UIInterfaceOrientationLandscapeLeft UIInterfaceOrientationLandscapeRight";
				LD_RUNPATH_SEARCH_PATHS = (
					"$(inherited)",
					"@executable_path/Frameworks",
				);
				MARKETING_VERSION = 1.0;
				PRODUCT_BUNDLE_IDENTIFIER = Arthur.Sh.Moonshot;
				PRODUCT_NAME = "$(TARGET_NAME)";
				SWIFT_EMIT_LOC_STRINGS = YES;
				SWIFT_VERSION = 5.0;
				TARGETED_DEVICE_FAMILY = "1,2";
			};
			name = Release;
		};
		324F889C292F8BBF007E24DD /* Debug */ = {
			isa = XCBuildConfiguration;
			buildSettings = {
				ALWAYS_EMBED_SWIFT_STANDARD_LIBRARIES = YES;
				BUNDLE_LOADER = "$(TEST_HOST)";
				CODE_SIGN_STYLE = Automatic;
				CURRENT_PROJECT_VERSION = 1;
				DEVELOPMENT_TEAM = 7S5KXF68WA;
				GENERATE_INFOPLIST_FILE = YES;
				IPHONEOS_DEPLOYMENT_TARGET = 16.1;
				MARKETING_VERSION = 1.0;
				PRODUCT_BUNDLE_IDENTIFIER = Arthur.Sh.MoonshotTests;
				PRODUCT_NAME = "$(TARGET_NAME)";
				SWIFT_EMIT_LOC_STRINGS = NO;
				SWIFT_VERSION = 5.0;
				TARGETED_DEVICE_FAMILY = "1,2";
				TEST_HOST = "$(BUILT_PRODUCTS_DIR)/Moonshot.app/$(BUNDLE_EXECUTABLE_FOLDER_PATH)/Moonshot";
			};
			name = Debug;
		};
		324F889D292F8BBF007E24DD /* Release */ = {
			isa = XCBuildConfiguration;
			buildSettings = {
				ALWAYS_EMBED_SWIFT_STANDARD_LIBRARIES = YES;
				BUNDLE_LOADER = "$(TEST_HOST)";
				CODE_SIGN_STYLE = Automatic;
				CURRENT_PROJECT_VERSION = 1;
				DEVELOPMENT_TEAM = 7S5KXF68WA;
				GENERATE_INFOPLIST_FILE = YES;
				IPHONEOS_DEPLOYMENT_TARGET = 16.1;
				MARKETING_VERSION = 1.0;
				PRODUCT_BUNDLE_IDENTIFIER = Arthur.Sh.MoonshotTests;
				PRODUCT_NAME = "$(TARGET_NAME)";
				SWIFT_EMIT_LOC_STRINGS = NO;
				SWIFT_VERSION = 5.0;
				TARGETED_DEVICE_FAMILY = "1,2";
				TEST_HOST = "$(BUILT_PRODUCTS_DIR)/Moonshot.app/$(BUNDLE_EXECUTABLE_FOLDER_PATH)/Moonshot";
			};
			name = Release;
		};
		324F889F292F8BBF007E24DD /* Debug */ = {
			isa = XCBuildConfiguration;
			buildSettings = {
				ALWAYS_EMBED_SWIFT_STANDARD_LIBRARIES = YES;
				CODE_SIGN_STYLE = Automatic;
				CURRENT_PROJECT_VERSION = 1;
				DEVELOPMENT_TEAM = 7S5KXF68WA;
				GENERATE_INFOPLIST_FILE = YES;
				MARKETING_VERSION = 1.0;
				PRODUCT_BUNDLE_IDENTIFIER = Arthur.Sh.MoonshotUITests;
				PRODUCT_NAME = "$(TARGET_NAME)";
				SWIFT_EMIT_LOC_STRINGS = NO;
				SWIFT_VERSION = 5.0;
				TARGETED_DEVICE_FAMILY = "1,2";
				TEST_TARGET_NAME = Moonshot;
			};
			name = Debug;
		};
		324F88A0292F8BBF007E24DD /* Release */ = {
			isa = XCBuildConfiguration;
			buildSettings = {
				ALWAYS_EMBED_SWIFT_STANDARD_LIBRARIES = YES;
				CODE_SIGN_STYLE = Automatic;
				CURRENT_PROJECT_VERSION = 1;
				DEVELOPMENT_TEAM = 7S5KXF68WA;
				GENERATE_INFOPLIST_FILE = YES;
				MARKETING_VERSION = 1.0;
				PRODUCT_BUNDLE_IDENTIFIER = Arthur.Sh.MoonshotUITests;
				PRODUCT_NAME = "$(TARGET_NAME)";
				SWIFT_EMIT_LOC_STRINGS = NO;
				SWIFT_VERSION = 5.0;
				TARGETED_DEVICE_FAMILY = "1,2";
				TEST_TARGET_NAME = Moonshot;
			};
			name = Release;
		};
/* End XCBuildConfiguration section */

/* Begin XCConfigurationList section */
		324F886F292F8BBE007E24DD /* Build configuration list for PBXProject "Moonshot" */ = {
			isa = XCConfigurationList;
			buildConfigurations = (
				324F8896292F8BBF007E24DD /* Debug */,
				324F8897292F8BBF007E24DD /* Release */,
			);
			defaultConfigurationIsVisible = 0;
			defaultConfigurationName = Release;
		};
		324F8898292F8BBF007E24DD /* Build configuration list for PBXNativeTarget "Moonshot" */ = {
			isa = XCConfigurationList;
			buildConfigurations = (
				324F8899292F8BBF007E24DD /* Debug */,
				324F889A292F8BBF007E24DD /* Release */,
			);
			defaultConfigurationIsVisible = 0;
			defaultConfigurationName = Release;
		};
		324F889B292F8BBF007E24DD /* Build configuration list for PBXNativeTarget "MoonshotTests" */ = {
			isa = XCConfigurationList;
			buildConfigurations = (
				324F889C292F8BBF007E24DD /* Debug */,
				324F889D292F8BBF007E24DD /* Release */,
			);
			defaultConfigurationIsVisible = 0;
			defaultConfigurationName = Release;
		};
		324F889E292F8BBF007E24DD /* Build configuration list for PBXNativeTarget "MoonshotUITests" */ = {
			isa = XCConfigurationList;
			buildConfigurations = (
				324F889F292F8BBF007E24DD /* Debug */,
				324F88A0292F8BBF007E24DD /* Release */,
			);
			defaultConfigurationIsVisible = 0;
			defaultConfigurationName = Release;
		};
/* End XCConfigurationList section */
	};
	rootObject = 324F886C292F8BBE007E24DD /* Project object */;
}
